{
  "name": "duckduckpatent",
  "version": "0.0.1",
  "lockfileVersion": 2,
  "requires": true,
  "packages": {
    "": {
      "name": "duckduckpatent",
      "version": "0.0.1",
      "license": "ISC",
      "dependencies": {
        "@panzoom/panzoom": "^4.4.3",
        "prettier": "^2.2.1"
      }
    },
    "node_modules/@panzoom/panzoom": {
      "version": "4.4.3",
      "resolved": "https://registry.npmjs.org/@panzoom/panzoom/-/panzoom-4.4.3.tgz",
      "integrity": "sha512-fTAr7/bc9ukvWKxxqdoAuIhKhvu6TwuNiGcA0N3lrSj5OZGlISGLXcSZZyN7kgqH/6icYS7b18UT/Iq/W2rTOA=="
    },
    "node_modules/prettier": {
      "version": "2.4.1",
      "resolved": "https://registry.npmjs.org/prettier/-/prettier-2.4.1.tgz",
      "integrity": "sha512-9fbDAXSBcc6Bs1mZrDYb3XKzDLm4EXXL9sC1LqKP5rZkT6KRr/rf9amVUcODVXgguK/isJz0d0hP72WeaKWsvA==",
      "bin": {
        "prettier": "bin-prettier.js"
      },
      "engines": {
        "node": ">=10.13.0"
      }
    }
  },
  "dependencies": {
    "@panzoom/panzoom": {
      "version": "4.4.3",
      "resolved": "https://registry.npmjs.org/@panzoom/panzoom/-/panzoom-4.4.3.tgz",
      "integrity": "sha512-fTAr7/bc9ukvWKxxqdoAuIhKhvu6TwuNiGcA0N3lrSj5OZGlISGLXcSZZyN7kgqH/6icYS7b18UT/Iq/W2rTOA=="
    },
    "prettier": {
      "version": "2.4.1",
      "resolved": "https://registry.npmjs.org/prettier/-/prettier-2.4.1.tgz",
      "integrity": "sha512-9fbDAXSBcc6Bs1mZrDYb3XKzDLm4EXXL9sC1LqKP5rZkT6KRr/rf9amVUcODVXgguK/isJz0d0hP72WeaKWsvA=="
    }
  }
}
